---
http_interactions:
- request:
    method: post
    uri: https://api.twitter.com/1.1/lists/create.json
    body:
      encoding: UTF-8
      string: description=%E8%A9%B3%E7%B4%B0%E8%AA%AC%E6%98%8E%E3%81%A0%E3%82%88&mode=private&name=%E3%83%86%E3%82%B9%E3%83%88
    headers:
      Accept:
      - application/json
      User-Agent:
      - TwitterRubyGem/6.1.0
      Authorization:
      - OAuth oauth_consumer_key="<OAUTH_CONSUMER_KEY>", oauth_nonce="b961944a10416d825b7b5291f3ade348",
        oauth_signature="w1UuAZUh6LZt%2FpLGQvu%2B9DgmU4U%3D", oauth_signature_method="HMAC-SHA1",
        oauth_timestamp="1500548002", oauth_token="<OAUTH_TOKEN>", oauth_version="1.0"
      Content-Type:
      - application/x-www-form-urlencoded
      Accept-Encoding:
      - gzip;q=1.0,deflate;q=0.6,identity;q=0.3
  response:
    status:
      code: 200
      message: OK
    headers:
      Cache-Control:
      - no-cache, no-store, must-revalidate, pre-check=0, post-check=0
      Content-Disposition:
      - attachment; filename=json.json
      Content-Length:
      - '683'
      Content-Type:
      - application/json;charset=utf-8
      Date:
      - Thu, 20 Jul 2017 10:53:20 GMT
      Expires:
      - Tue, 31 Mar 1981 05:00:00 GMT
      Last-Modified:
      - Thu, 20 Jul 2017 10:53:20 GMT
      Pragma:
      - no-cache
      Server:
      - tsa_m
      Set-Cookie:
      - guest_id=v1%3A150054800011710439; Domain=.twitter.com; Path=/; Expires=Sat,
        20-Jul-2019 10:53:20 UTC
      - lang=ja; Path=/
      Status:
      - 200 OK
      Strict-Transport-Security:
      - max-age=631138519
      X-Access-Level:
      - read-write
      X-Connection-Hash:
      - 1944101fb020f1fad2081218fe94968f
      X-Content-Type-Options:
      - nosniff
      X-Frame-Options:
      - SAMEORIGIN
      X-Response-Time:
      - '207'
      X-Transaction:
      - '008a6eef00e93eb3'
      X-Tsa-Request-Body-Time:
      - '1'
      X-Twitter-Response-Tags:
      - BouncerCompliant
      X-Xss-Protection:
      - 1; mode=block
    body:
      encoding: ASCII-8BIT
      string: '{"id":887988789758443521,"id_str":"887988789758443521","name":"\u30c6\u30b9\u30c8","uri":"\/benkyo_dev\/lists\/list103","subscriber_count":0,"member_count":0,"mode":"private","description":"\u8a73\u7d30\u8aac\u660e\u3060\u3088","slug":"list103","full_name":"@benkyo_dev\/list103","created_at":"Thu
        Jul 20 10:53:20 +0000 2017","following":false,"user":{"id":878212227874004992,"id_str":"878212227874004992","name":"\u3079\u3093\u304d\u3087\u3046\u304b\u3044\u3066\u3059\u3068","screen_name":"benkyo_dev","location":"","description":"","url":null,"entities":{"description":{"urls":[]}},"protected":false,"followers_count":0,"friends_count":0,"listed_count":0,"created_at":"Fri
        Jun 23 11:24:46 +0000 2017","favourites_count":0,"utc_offset":null,"time_zone":null,"geo_enabled":false,"verified":false,"statuses_count":2,"lang":"ja","contributors_enabled":false,"is_translator":false,"is_translation_enabled":false,"profile_background_color":"F5F8FA","profile_background_image_url":null,"profile_background_image_url_https":null,"profile_background_tile":false,"profile_image_url":"http:\/\/abs.twimg.com\/sticky\/default_profile_images\/default_profile_normal.png","profile_image_url_https":"https:\/\/abs.twimg.com\/sticky\/default_profile_images\/default_profile_normal.png","profile_link_color":"1DA1F2","profile_sidebar_border_color":"C0DEED","profile_sidebar_fill_color":"DDEEF6","profile_text_color":"333333","profile_use_background_image":true,"has_extended_profile":false,"default_profile":true,"default_profile_image":true,"following":false,"follow_request_sent":false,"notifications":false,"translator_type":"none"}}'
    http_version: 
  recorded_at: Thu, 20 Jul 2017 10:53:22 GMT
- request:
    method: get
    uri: https://api.twitter.com/1.1/account/verify_credentials.json?skip_status=true
    body:
      encoding: US-ASCII
      string: ''
    headers:
      Accept:
      - application/json
      User-Agent:
      - TwitterRubyGem/6.1.0
      Authorization:
      - OAuth oauth_consumer_key="<OAUTH_CONSUMER_KEY>", oauth_nonce="8b0fb82382cffa6a9f185eaeaa337db3",
        oauth_signature="MmAFYG0QY%2BKV9ncJ%2FEAKs3gte70%3D", oauth_signature_method="HMAC-SHA1",
        oauth_timestamp="1500548002", oauth_token="<OAUTH_TOKEN>", oauth_version="1.0"
      Accept-Encoding:
      - gzip;q=1.0,deflate;q=0.6,identity;q=0.3
  response:
    status:
      code: 200
      message: OK
    headers:
      Cache-Control:
      - no-cache, no-store, must-revalidate, pre-check=0, post-check=0
      Content-Disposition:
      - attachment; filename=json.json
      Content-Length:
      - '546'
      Content-Type:
      - application/json;charset=utf-8
      Date:
      - Thu, 20 Jul 2017 10:53:20 GMT
      Expires:
      - Tue, 31 Mar 1981 05:00:00 GMT
      Last-Modified:
      - Thu, 20 Jul 2017 10:53:20 GMT
      Pragma:
      - no-cache
      Server:
      - tsa_m
      Set-Cookie:
      - guest_id=v1%3A150054800044622542; Domain=.twitter.com; Path=/; Expires=Sat,
        20-Jul-2019 10:53:20 UTC
      - lang=ja; Path=/
      Status:
      - 200 OK
      Strict-Transport-Security:
      - max-age=631138519
      X-Access-Level:
      - read-write
      X-Connection-Hash:
      - 3de2a87c9ab5054ea21f4a83f563631a
      X-Content-Type-Options:
      - nosniff
      X-Frame-Options:
      - SAMEORIGIN
      X-Rate-Limit-Limit:
      - '75'
      X-Rate-Limit-Remaining:
      - '64'
      X-Rate-Limit-Reset:
      - '1500548719'
      X-Response-Time:
      - '167'
      X-Transaction:
      - '00961a61003a6f13'
      X-Twitter-Response-Tags:
      - BouncerCompliant
      - BouncerExempt
      X-Xss-Protection:
      - 1; mode=block
    body:
      encoding: ASCII-8BIT
      string: '{"id":878212227874004992,"id_str":"878212227874004992","name":"\u3079\u3093\u304d\u3087\u3046\u304b\u3044\u3066\u3059\u3068","screen_name":"benkyo_dev","location":"","description":"","url":null,"entities":{"description":{"urls":[]}},"protected":false,"followers_count":0,"friends_count":0,"listed_count":0,"created_at":"Fri
        Jun 23 11:24:46 +0000 2017","favourites_count":0,"utc_offset":null,"time_zone":null,"geo_enabled":false,"verified":false,"statuses_count":2,"lang":"ja","contributors_enabled":false,"is_translator":false,"is_translation_enabled":false,"profile_background_color":"F5F8FA","profile_background_image_url":null,"profile_background_image_url_https":null,"profile_background_tile":false,"profile_image_url":"http:\/\/abs.twimg.com\/sticky\/default_profile_images\/default_profile_normal.png","profile_image_url_https":"https:\/\/abs.twimg.com\/sticky\/default_profile_images\/default_profile_normal.png","profile_link_color":"1DA1F2","profile_sidebar_border_color":"C0DEED","profile_sidebar_fill_color":"DDEEF6","profile_text_color":"333333","profile_use_background_image":true,"has_extended_profile":false,"default_profile":true,"default_profile_image":true,"following":false,"follow_request_sent":false,"notifications":false,"translator_type":"none"}'
    http_version: 
  recorded_at: Thu, 20 Jul 2017 10:53:22 GMT
- request:
    method: post
    uri: https://api.twitter.com/1.1/lists/members/create.json
    body:
      encoding: UTF-8
      string: list_id=887988789758443521&owner_id=878212227874004992&screen_name=shule517
    headers:
      Accept:
      - application/json
      User-Agent:
      - TwitterRubyGem/6.1.0
      Authorization:
      - OAuth oauth_consumer_key="<OAUTH_CONSUMER_KEY>", oauth_nonce="87912bcc343157eb87d481b34a831316",
        oauth_signature="EMbHKPCL01opQwnoWwugZ9r68o8%3D", oauth_signature_method="HMAC-SHA1",
        oauth_timestamp="1500548002", oauth_token="<OAUTH_TOKEN>", oauth_version="1.0"
      Content-Type:
      - application/x-www-form-urlencoded
      Accept-Encoding:
      - gzip;q=1.0,deflate;q=0.6,identity;q=0.3
  response:
    status:
      code: 403
      message: Forbidden
    headers:
      Cache-Control:
      - no-cache, no-store, must-revalidate, pre-check=0, post-check=0
      Content-Disposition:
      - attachment; filename=json.json
      Content-Length:
      - '105'
      Content-Type:
      - application/json;charset=utf-8
      Date:
      - Thu, 20 Jul 2017 10:53:20 GMT
      Expires:
      - Tue, 31 Mar 1981 05:00:00 GMT
      Last-Modified:
      - Thu, 20 Jul 2017 10:53:20 GMT
      Pragma:
      - no-cache
      Server:
      - tsa_m
      Set-Cookie:
      - guest_id=v1%3A150054800070982557; Domain=.twitter.com; Path=/; Expires=Sat,
        20-Jul-2019 10:53:20 UTC
      - lang=ja; Path=/
      Status:
      - 403 Forbidden
      Strict-Transport-Security:
      - max-age=631138519
      X-Access-Level:
      - read-write
      X-Connection-Hash:
      - 1cb0f8aaec0eaabdbd9aadeb70a1b48a
      X-Content-Type-Options:
      - nosniff
      X-Frame-Options:
      - SAMEORIGIN
      X-Response-Time:
      - '233'
      X-Transaction:
      - '009d3bbb008ddd44'
      X-Tsa-Request-Body-Time:
      - '0'
      X-Twitter-Response-Tags:
      - BouncerCompliant
      X-Xss-Protection:
      - 1; mode=block
    body:
      encoding: ASCII-8BIT
      string: '{"errors":[{"code":106,"message":"You aren''t allowed to add shule517
        to lists."}]}'
    http_version: 
  recorded_at: Thu, 20 Jul 2017 10:53:23 GMT
- request:
    method: get
    uri: https://api.twitter.com/1.1/lists/members.json?cursor=-1&list_id=887988789758443521&owner_id=878212227874004992
    body:
      encoding: US-ASCII
      string: ''
    headers:
      Accept:
      - application/json
      User-Agent:
      - TwitterRubyGem/6.1.0
      Authorization:
      - OAuth oauth_consumer_key="<OAUTH_CONSUMER_KEY>", oauth_nonce="14b70255d00c3df74ed09ebbc4b7b984",
        oauth_signature="UrJHQt%2Fis17omIa0fOzQuJUzOKg%3D", oauth_signature_method="HMAC-SHA1",
        oauth_timestamp="1500548003", oauth_token="<OAUTH_TOKEN>", oauth_version="1.0"
      Accept-Encoding:
      - gzip;q=1.0,deflate;q=0.6,identity;q=0.3
  response:
    status:
      code: 200
      message: OK
    headers:
      Cache-Control:
      - no-cache, no-store, must-revalidate, pre-check=0, post-check=0
      Content-Disposition:
      - attachment; filename=json.json
      Content-Length:
      - '80'
      Content-Type:
      - application/json;charset=utf-8
      Date:
      - Thu, 20 Jul 2017 10:53:21 GMT
      Expires:
      - Tue, 31 Mar 1981 05:00:00 GMT
      Last-Modified:
      - Thu, 20 Jul 2017 10:53:21 GMT
      Pragma:
      - no-cache
      Server:
      - tsa_m
      Set-Cookie:
      - guest_id=v1%3A150054800108528534; Domain=.twitter.com; Path=/; Expires=Sat,
        20-Jul-2019 10:53:21 UTC
      - lang=ja; Path=/
      Status:
      - 200 OK
      Strict-Transport-Security:
      - max-age=631138519
      X-Access-Level:
      - read-write
      X-Connection-Hash:
      - 78c68b46b5f3a1ad176f3d446d08d3a2
      X-Content-Type-Options:
      - nosniff
      X-Frame-Options:
      - SAMEORIGIN
      X-Rate-Limit-Limit:
      - '900'
      X-Rate-Limit-Remaining:
      - '896'
      X-Rate-Limit-Reset:
      - '1500548725'
      X-Response-Time:
      - '162'
      X-Transaction:
      - '0083cf9000023af2'
      X-Twitter-Response-Tags:
      - BouncerCompliant
      X-Xss-Protection:
      - 1; mode=block
    body:
      encoding: ASCII-8BIT
      string: '{"users":[],"next_cursor":0,"next_cursor_str":"0","previous_cursor":0,"previous_cursor_str":"0"}'
    http_version: 
  recorded_at: Thu, 20 Jul 2017 10:53:23 GMT
recorded_with: VCR 3.0.3
